
Microsoft Visual Studio Solution File, Format Version 12.00
Project("{FAE04EC0-301F-11D3-BF4B-00C04F79EFBC}") = "EquipmentRental.App", "EquipmentRental.App\EquipmentRental.App.csproj", "{0BE572A0-4AD8-4DFA-8BE3-E9B61DA74257}"
EndProject
Global
	GlobalSection(SolutionConfigurationPlatforms) = preSolution
		Debug|Any CPU = Debug|Any CPU
		Release|Any CPU = Release|Any CPU
	EndGlobalSection
	GlobalSection(ProjectConfigurationPlatforms) = postSolution
		{0BE572A0-4AD8-4DFA-8BE3-E9B61DA74257}.Debug|Any CPU.ActiveCfg = Debug|Any CPU
		{0BE572A0-4AD8-4DFA-8BE3-E9B61DA74257}.Debug|Any CPU.Build.0 = Debug|Any CPU
		{0BE572A0-4AD8-4DFA-8BE3-E9B61DA74257}.Release|Any CPU.ActiveCfg = Release|Any CPU
		{0BE572A0-4AD8-4DFA-8BE3-E9B61DA74257}.Release|Any CPU.Build.0 = Release|Any CPU
	EndGlobalSection
EndGlobal
